// !$*UTF8*$!
{
	archiveVersion = 1;
	classes = {
	};
	objectVersion = 48;
	objects = {

/* Begin PBXBuildFile section */
		E20582521FA169CB00F7F3D8 /* Animal.m in Sources */ = {isa = PBXBuildFile; fileRef = E20582511FA169CB00F7F3D8 /* Animal.m */; };
		E20582551FA16A0C00F7F3D8 /* Dog.m in Sources */ = {isa = PBXBuildFile; fileRef = E20582541FA16A0C00F7F3D8 /* Dog.m */; };
		E20582581FA16A1D00F7F3D8 /* Cat.m in Sources */ = {isa = PBXBuildFile; fileRef = E20582571FA16A1D00F7F3D8 /* Cat.m */; };
		E2618E791FA0C7FA00B04DBA /* main.m in Sources */ = {isa = PBXBuildFile; fileRef = E2618E781FA0C7FA00B04DBA /* main.m */; };
		E2618E821FA1690600B04DBA /* Person.m in Sources */ = {isa = PBXBuildFile; fileRef = E2618E811FA1690600B04DBA /* Person.m */; };
/* End PBXBuildFile section */

/* Begin PBXCopyFilesBuildPhase section */
		E2618E731FA0C7FA00B04DBA /* CopyFiles */ = {
			isa = PBXCopyFilesBuildPhase;
			buildActionMask = 2147483647;
			dstPath = /usr/share/man/man1/;
			dstSubfolderSpec = 0;
			files = (
			);
			runOnlyForDeploymentPostprocessing = 1;
		};
/* End PBXCopyFilesBuildPhase section */

/* Begin PBXFileReference section */
		E20582501FA169CB00F7F3D8 /* Animal.h */ = {isa = PBXFileReference; lastKnownFileType = sourcecode.c.h; path = Animal.h; sourceTree = "<group>"; };
		E20582511FA169CB00F7F3D8 /* Animal.m */ = {isa = PBXFileReference; lastKnownFileType = sourcecode.c.objc; path = Animal.m; sourceTree = "<group>"; };
		E20582531FA16A0C00F7F3D8 /* Dog.h */ = {isa = PBXFileReference; lastKnownFileType = sourcecode.c.h; path = Dog.h; sourceTree = "<group>"; };
		E20582541FA16A0C00F7F3D8 /* Dog.m */ = {isa = PBXFileReference; lastKnownFileType = sourcecode.c.objc; path = Dog.m; sourceTree = "<group>"; };
		E20582561FA16A1D00F7F3D8 /* Cat.h */ = {isa = PBXFileReference; lastKnownFileType = sourcecode.c.h; path = Cat.h; sourceTree = "<group>"; };
		E20582571FA16A1D00F7F3D8 /* Cat.m */ = {isa = PBXFileReference; lastKnownFileType = sourcecode.c.objc; path = Cat.m; sourceTree = "<group>"; };
		E2618E751FA0C7FA00B04DBA /* AnimalBase */ = {isa = PBXFileReference; explicitFileType = "compiled.mach-o.executable"; includeInIndex = 0; path = AnimalBase; sourceTree = BUILT_PRODUCTS_DIR; };
		E2618E781FA0C7FA00B04DBA /* main.m */ = {isa = PBXFileReference; lastKnownFileType = sourcecode.c.objc; path = main.m; sourceTree = "<group>"; };
		E2618E7F1FA0C8FE00B04DBA /* README.md */ = {isa = PBXFileReference; lastKnownFileType = net.daringfireball.markdown; path = README.md; sourceTree = "<group>"; };
		E2618E801FA1690600B04DBA /* Person.h */ = {isa = PBXFileReference; lastKnownFileType = sourcecode.c.h; path = Person.h; sourceTree = "<group>"; };
		E2618E811FA1690600B04DBA /* Person.m */ = {isa = PBXFileReference; lastKnownFileType = sourcecode.c.objc; path = Person.m; sourceTree = "<group>"; };
/* End PBXFileReference section */

/* Begin PBXFrameworksBuildPhase section */
		E2618E721FA0C7FA00B04DBA /* Frameworks */ = {
			isa = PBXFrameworksBuildPhase;
			buildActionMask = 2147483647;
			files = (
			);
			runOnlyForDeploymentPostprocessing = 0;
		};
/* End PBXFrameworksBuildPhase section */

/* Begin PBXGroup section */
		E2618E6C1FA0C7FA00B04DBA = {
			isa = PBXGroup;
			children = (
				E2618E771FA0C7FA00B04DBA /* AnimalBase */,
				E2618E761FA0C7FA00B04DBA /* Products */,
				E2618E7F1FA0C8FE00B04DBA /* README.md */,
			);
			sourceTree = "<group>";
		};
		E2618E761FA0C7FA00B04DBA /* Products */ = {
			isa = PBXGroup;
			children = (
				E2618E751FA0C7FA00B04DBA /* AnimalBase */,
			);
			name = Products;
			sourceTree = "<group>";
		};
		E2618E771FA0C7FA00B04DBA /* AnimalBase */ = {
			isa = PBXGroup;
			children = (
				E2618E781FA0C7FA00B04DBA /* main.m */,
				E2618E801FA1690600B04DBA /* Person.h */,
				E2618E811FA1690600B04DBA /* Person.m */,
				E20582501FA169CB00F7F3D8 /* Animal.h */,
				E20582511FA169CB00F7F3D8 /* Animal.m */,
				E20582531FA16A0C00F7F3D8 /* Dog.h */,
				E20582541FA16A0C00F7F3D8 /* Dog.m */,
				E20582561FA16A1D00F7F3D8 /* Cat.h */,
				E20582571FA16A1D00F7F3D8 /* Cat.m */,
			);
			path = AnimalBase;
			sourceTree = "<group>";
		};
/* End PBXGroup section */

/* Begin PBXNativeTarget section */
		E2618E741FA0C7FA00B04DBA /* AnimalBase */ = {
			isa = PBXNativeTarget;
			buildConfigurationList = E2618E7C1FA0C7FA00B04DBA /* Build configuration list for PBXNativeTarget "AnimalBase" */;
			buildPhases = (
				E2618E711FA0C7FA00B04DBA /* Sources */,
				E2618E721FA0C7FA00B04DBA /* Frameworks */,
				E2618E731FA0C7FA00B04DBA /* CopyFiles */,
			);
			buildRules = (
			);
			dependencies = (
			);
			name = AnimalBase;
			productName = AnimalBase;
			productReference = E2618E751FA0C7FA00B04DBA /* AnimalBase */;
			productType = "com.apple.product-type.tool";
		};
/* End PBXNativeTarget section */

/* Begin PBXProject section */
		E2618E6D1FA0C7FA00B04DBA /* Project object */ = {
			isa = PBXProject;
			attributes = {
				LastUpgradeCheck = 0900;
				ORGANIZATIONNAME = LeeG4ng;
				TargetAttributes = {
					E2618E741FA0C7FA00B04DBA = {
						CreatedOnToolsVersion = 9.0.1;
						ProvisioningStyle = Automatic;
					};
				};
			};
			buildConfigurationList = E2618E701FA0C7FA00B04DBA /* Build configuration list for PBXProject "AnimalBase" */;
			compatibilityVersion = "Xcode 8.0";
			developmentRegion = en;
			hasScannedForEncodings = 0;
			knownRegions = (
				en,
			);
			mainGroup = E2618E6C1FA0C7FA00B04DBA;
			productRefGroup = E2618E761FA0C7FA00B04DBA /* Products */;
			projectDirPath = "";
			projectRoot = "";
			targets = (
				E2618E741FA0C7FA00B04DBA /* AnimalBase */,
			);
		};
/* End PBXProject section */

/* Begin PBXSourcesBuildPhase section */
		E2618E711FA0C7FA00B04DBA /* Sources */ = {
			isa = PBXSourcesBuildPhase;
			buildActionMask = 2147483647;
			files = (
				E20582521FA169CB00F7F3D8 /* Animal.m in Sources */,
				E2618E821FA1690600B04DBA /* Person.m in Sources */,
				E20582551FA16A0C00F7F3D8 /* Dog.m in Sources */,
				E2618E791FA0C7FA00B04DBA /* main.m in Sources */,
				E20582581FA16A1D00F7F3D8 /* Cat.m in Sources */,
			);
			runOnlyForDeploymentPostprocessing = 0;
		};
/* End PBXSourcesBuildPhase section */

/* Begin XCBuildConfiguration section */
		E2618E7A1FA0C7FA00B04DBA /* Debug */ = {
			isa = XCBuildConfiguration;
			buildSettings = {
				ALWAYS_SEARCH_USER_PATHS = NO;
				CLANG_ANALYZER_NONNULL = YES;
				CLANG_ANALYZER_NUMBER_OBJECT_CONVERSION = YES_AGGRESSIVE;
				CLANG_CXX_LANGUAGE_STANDARD = "gnu++14";
				CLANG_CXX_LIBRARY = "libc++";
				CLANG_ENABLE_MODULES = YES;
				CLANG_ENABLE_OBJC_ARC = YES;
				CLANG_WARN_BLOCK_CAPTURE_AUTORELEASING = YES;
				CLANG_WARN_BOOL_CONVERSION = YES;
				CLANG_WARN_COMMA = YES;
				CLANG_WARN_CONSTANT_CONVERSION = YES;
				CLANG_WARN_DIRECT_OBJC_ISA_USAGE = YES_ERROR;
				CLANG_WARN_DOCUMENTATION_COMMENTS = YES;
				CLANG_WARN_EMPTY_BODY = YES;
				CLANG_WARN_ENUM_CONVERSION = YES;
				CLANG_WARN_INFINITE_RECURSION = YES;
				CLANG_WARN_INT_CONVERSION = YES;
				CLANG_WARN_NON_LITERAL_NULL_CONVERSION = YES;
				CLANG_WARN_OBJC_LITERAL_CONVERSION = YES;
				CLANG_WARN_OBJC_ROOT_CLASS = YES_ERROR;
				CLANG_WARN_RANGE_LOOP_ANALYSIS = YES;
				CLANG_WARN_STRICT_PROTOTYPES = YES;
				CLANG_WARN_SUSPICIOUS_MOVE = YES;
				CLANG_WARN_UNGUARDED_AVAILABILITY = YES_AGGRESSIVE;
				CLANG_WARN_UNREACHABLE_CODE = YES;
				CLANG_WARN__DUPLICATE_METHOD_MATCH = YES;
				CODE_SIGN_IDENTITY = "-";
				COPY_PHASE_STRIP = NO;
				DEBUG_INFORMATION_FORMAT = dwarf;
				ENABLE_STRICT_OBJC_MSGSEND = YES;
				ENABLE_TESTABILITY = YES;
				GCC_C_LANGUAGE_STANDARD = gnu11;
				GCC_DYNAMIC_NO_PIC = NO;
				GCC_NO_COMMON_BLOCKS = YES;
				GCC_OPTIMIZATION_LEVEL = 0;
				GCC_PREPROCESSOR_DEFINITIONS = (
					"DEBUG=1",
					"$(inherited)",
				);
				GCC_WARN_64_TO_32_BIT_CONVERSION = YES;
				GCC_WARN_ABOUT_RETURN_TYPE = YES_ERROR;
				GCC_WARN_UNDECLARED_SELECTOR = YES;
				GCC_WARN_UNINITIALIZED_AUTOS = YES_AGGRESSIVE;
				GCC_WARN_UNUSED_FUNCTION = YES;
				GCC_WARN_UNUSED_VARIABLE = YES;
				MACOSX_DEPLOYMENT_TARGET = 10.13;
				MTL_ENABLE_DEBUG_INFO = YES;
				ONLY_ACTIVE_ARCH = YES;
				SDKROOT = macosx;
			};
			name = Debug;
		};
		E2618E7B1FA0C7FA00B04DBA /* Release */ = {
			isa = XCBuildConfiguration;
			buildSettings = {
				ALWAYS_SEARCH_USER_PATHS = NO;
				CLANG_ANALYZER_NONNULL = YES;
				CLANG_ANALYZER_NUMBER_OBJECT_CONVERSION = YES_AGGRESSIVE;
				CLANG_CXX_LANGUAGE_STANDARD = "gnu++14";
				CLANG_CXX_LIBRARY = "libc++";
				CLANG_ENABLE_MODULES = YES;
				CLANG_ENABLE_OBJC_ARC = YES;
				CLANG_WARN_BLOCK_CAPTURE_AUTORELEASING = YES;
				CLANG_WARN_BOOL_CONVERSION = YES;
				CLANG_WARN_COMMA = YES;
				CLANG_WARN_CONSTANT_CONVERSION = YES;
				CLANG_WARN_DIRECT_OBJC_ISA_USAGE = YES_ERROR;
				CLANG_WARN_DOCUMENTATION_COMMENTS = YES;
				CLANG_WARN_EMPTY_BODY = YES;
				CLANG_WARN_ENUM_CONVERSION = YES;
				CLANG_WARN_INFINITE_RECURSION = YES;
				CLANG_WARN_INT_CONVERSION = YES;
				CLANG_WARN_NON_LITERAL_NULL_CONVERSION = YES;
				CLANG_WARN_OBJC_LITERAL_CONVERSION = YES;
				CLANG_WARN_OBJC_ROOT_CLASS = YES_ERROR;
				CLANG_WARN_RANGE_LOOP_ANALYSIS = YES;
				CLANG_WARN_STRICT_PROTOTYPES = YES;
				CLANG_WARN_SUSPICIOUS_MOVE = YES;
				CLANG_WARN_UNGUARDED_AVAILABILITY = YES_AGGRESSIVE;
				CLANG_WARN_UNREACHABLE_CODE = YES;
				CLANG_WARN__DUPLICATE_METHOD_MATCH = YES;
				CODE_SIGN_IDENTITY = "-";
				COPY_PHASE_STRIP = NO;
				DEBUG_INFORMATION_FORMAT = "dwarf-with-dsym";
				ENABLE_NS_ASSERTIONS = NO;
				ENABLE_STRICT_OBJC_MSGSEND = YES;
				GCC_C_LANGUAGE_STANDARD = gnu11;
				GCC_NO_COMMON_BLOCKS = YES;
				GCC_WARN_64_TO_32_BIT_CONVERSION = YES;
				GCC_WARN_ABOUT_RETURN_TYPE = YES_ERROR;
				GCC_WARN_UNDECLARED_SELECTOR = YES;
				GCC_WARN_UNINITIALIZED_AUTOS = YES_AGGRESSIVE;
				GCC_WARN_UNUSED_FUNCTION = YES;
				GCC_WARN_UNUSED_VARIABLE = YES;
				MACOSX_DEPLOYMENT_TARGET = 10.13;
				MTL_ENABLE_DEBUG_INFO = NO;
				SDKROOT = macosx;
			};
			name = Release;
		};
		E2618E7D1FA0C7FA00B04DBA /* Debug */ = {
			isa = XCBuildConfiguration;
			buildSettings = {
				CODE_SIGN_STYLE = Automatic;
				MACOSX_DEPLOYMENT_TARGET = 10.12;
				PRODUCT_NAME = "$(TARGET_NAME)";
			};
			name = Debug;
		};
		E2618E7E1FA0C7FA00B04DBA /* Release */ = {
			isa = XCBuildConfiguration;
			buildSettings = {
				CODE_SIGN_STYLE = Automatic;
				MACOSX_DEPLOYMENT_TARGET = 10.12;
				PRODUCT_NAME = "$(TARGET_NAME)";
			};
			name = Release;
		};
/* End XCBuildConfiguration section */

/* Begin XCConfigurationList section */
		E2618E701FA0C7FA00B04DBA /* Build configuration list for PBXProject "AnimalBase" */ = {
			isa = XCConfigurationList;
			buildConfigurations = (
				E2618E7A1FA0C7FA00B04DBA /* Debug */,
				E2618E7B1FA0C7FA00B04DBA /* Release */,
			);
			defaultConfigurationIsVisible = 0;
			defaultConfigurationName = Release;
		};
		E2618E7C1FA0C7FA00B04DBA /* Build configuration list for PBXNativeTarget "AnimalBase" */ = {
			isa = XCConfigurationList;
			buildConfigurations = (
				E2618E7D1FA0C7FA00B04DBA /* Debug */,
				E2618E7E1FA0C7FA00B04DBA /* Release */,
			);
			defaultConfigurationIsVisible = 0;
			defaultConfigurationName = Release;
		};
/* End XCConfigurationList section */
	};
	rootObject = E2618E6D1FA0C7FA00B04DBA /* Project object */;
}
